
Microsoft Visual Studio Solution File, Format Version 12.00
# Visual Studio Version 17
VisualStudioVersion = 17.13.35828.75 d17.13
MinimumVisualStudioVersion = 10.0.40219.1
Project("{FAE04EC0-301F-11D3-BF4B-00C04F79EFBC}") = "Algoritimo1", "Algoritimo1\Algoritimo1.csproj", "{DCFF5F40-5D01-4365-BDF8-30E61032396B}"
EndProject
Global
	GlobalSection(SolutionConfigurationPlatforms) = preSolution
		Debug|Any CPU = Debug|Any CPU
		Release|Any CPU = Release|Any CPU
	EndGlobalSection
	GlobalSection(ProjectConfigurationPlatforms) = postSolution
		{DCFF5F40-5D01-4365-BDF8-30E61032396B}.Debug|Any CPU.ActiveCfg = Debug|Any CPU
		{DCFF5F40-5D01-4365-BDF8-30E61032396B}.Debug|Any CPU.Build.0 = Debug|Any CPU
		{DCFF5F40-5D01-4365-BDF8-30E61032396B}.Release|Any CPU.ActiveCfg = Release|Any CPU
		{DCFF5F40-5D01-4365-BDF8-30E61032396B}.Release|Any CPU.Build.0 = Release|Any CPU
	EndGlobalSection
	GlobalSection(SolutionProperties) = preSolution
		HideSolutionNode = FALSE
	EndGlobalSection
	GlobalSection(ExtensibilityGlobals) = postSolution
		SolutionGuid = {25AA2B25-6EF7-41B5-B72F-66B3D031C3D9}
	EndGlobalSection
EndGlobal
